{
	"name": "@hugoalh/unit-convert",
	"version": "1.0.0",
	"lockfileVersion": 1,
	"requires": true,
	"dependencies": {
		"@hugoalh/advanced-determine": {
			"version": "6.0.3",
			"resolved": "https://registry.npmjs.org/@hugoalh/advanced-determine/-/advanced-determine-6.0.3.tgz",
			"integrity": "sha512-B703nEElOUspfVTiUNvEiNeLPouZ7d7coN5EBd5mKYx5KG8zSzZJrex1rOIOyzngutY/9oYE+oyCMA0Z9iCtyQ=="
		},
		"@hugoalh/more-array": {
			"version": "1.1.1",
			"resolved": "https://registry.npmjs.org/@hugoalh/more-array/-/more-array-1.1.1.tgz",
			"integrity": "sha512-xx14eH0rWkKD2al6QCScYy4fPdM1BblwEYNFko+BOAi2F/5R5CrIAWM/0wbmdWTcevzukwHhFLwshYgz5kEECA==",
			"requires": {
				"@hugoalh/advanced-determine": "^3.3.1"
			},
			"dependencies": {
				"@hugoalh/advanced-determine": {
					"version": "3.4.1",
					"resolved": "https://registry.npmjs.org/@hugoalh/advanced-determine/-/advanced-determine-3.4.1.tgz",
					"integrity": "sha512-OHnncImsCwhbhVLUm5DlObZNOJaGadaUjyQpHGOltxygSObFfmQIIjqYPuurm6S5nwhZSQzV04MQUKnuXT2afw=="
				}
			}
		}
	}
}
